github.com/gethinode/hinode v0.15.5 h1:eJNvuBpGMDAZ5Lq9B9ZjnC29iaR40A6zcvVOjEFVpac=
github.com/gethinode/hinode v0.15.5/go.mod h1:1piFf+1Kwf5k6/bcNCtIxiAyqvZYvDqQfaGld7/XcF8=
github.com/gethinode/hinode v0.16.0-beta h1:eXgYA5SOw6+NxHgScBy/VfprGjwL7WUa/56CCqtoRdo=
github.com/gethinode/hinode v0.16.0-beta/go.mod h1:0ugkv0/+7olS9uLT3NR+7uEErUwuGBU+IYuSvRvyoJk=
github.com/gethinode/hinode v0.16.0-beta2 h1:j1QrVtUK6aMThMab4YVz0eCWmuCpyk4BI2Tw3fJu8KY=
github.com/gethinode/hinode v0.16.0-beta2/go.mod h1:FQlLYY9gEHMiCxtXBQ6QRpqIV1FKYoZNIhHa2RDLQn4=
github.com/gethinode/hinode v0.16.0 h1:YDVtfrnuiLUpjBPFFZcEHKcF+LanlCkbVog8gmRWCZs=
github.com/gethinode/hinode v0.16.0/go.mod h1:xqMr5rSBg/DFNyh67VdUNT1oHdqSMvUa+uewH2KA5Zo=
github.com/gethinode/hinode v0.16.1 h1:UJ4tn1FyaFvHRwUFhi1SMKmNIvI2DAdgdHdej2iDhSs=
github.com/gethinode/hinode v0.16.1/go.mod h1:xqMr5rSBg/DFNyh67VdUNT1oHdqSMvUa+uewH2KA5Zo=
github.com/gethinode/hinode v0.16.2 h1:OMiK3ww0IzCv66Of0ROr/0oyUFWm1Efg/zY8UdpGNOw=
github.com/gethinode/hinode v0.16.2/go.mod h1:xqMr5rSBg/DFNyh67VdUNT1oHdqSMvUa+uewH2KA5Zo=
github.com/gethinode/hinode v0.16.3 h1:icMqtPS/m3FD3/HIJefzr1uGP0tGUMuMu3pAJt99yHI=
github.com/gethinode/hinode v0.16.3/go.mod h1:xqMr5rSBg/DFNyh67VdUNT1oHdqSMvUa+uewH2KA5Zo=
github.com/gethinode/hinode v0.16.6 h1:Ui1PTPT3A/1TVpYmham8eRwvnFYJ8zFUgtubI+33llk=
github.com/gethinode/hinode v0.16.6/go.mod h1:JB/06DJ9N/Uc3+WF9sZi7dqUuwwgMGzh7y3pd2rNw80=
github.com/gethinode/hinode v0.16.7 h1:R3Girw/mamDEVmV3cw86j5DwG2CstdQmZn1znRYep+M=
github.com/gethinode/hinode v0.16.7/go.mod h1:grfMN7WMSBls7OWohpet8jc30iqYfK2TCsl1U860e4c=
github.com/gethinode/hinode v0.16.8 h1:MNYetMpXjKDkMiZGW1fQedSM8+1MUUOLDOUvM9j9It8=
github.com/gethinode/hinode v0.16.8/go.mod h1:grfMN7WMSBls7OWohpet8jc30iqYfK2TCsl1U860e4c=
github.com/gethinode/hinode v0.16.9 h1:ZgH+7hx2oJ8e10b6F1NxI3bn547N5gXMs9FLNZHVX+4=
github.com/gethinode/hinode v0.16.9/go.mod h1:grfMN7WMSBls7OWohpet8jc30iqYfK2TCsl1U860e4c=
github.com/gethinode/hinode v0.17.0 h1:IUSnnAYNRK5Vp4fyoKvpUi6U+j9yb424qt8DqUdSh28=
github.com/gethinode/hinode v0.17.0/go.mod h1:Roj0rWdhGcX1POVIFF9pBjrn3OSzVyIXFu8zljZ/c3s=
github.com/gethinode/hinode v0.17.1 h1:YkrTyoMOOhJPUywjWx3ft5dFpojTudP9q1mZ/bHpp+0=
github.com/gethinode/hinode v0.17.1/go.mod h1:Cw3SNh5VWkMw2A2HglB4PvEeae7zzgLbVeVEuX9zNNo=
github.com/gethinode/hinode v0.17.2 h1:mMymHrkmOYuoieKC0fcoSPzO1lDS99Q4zJ1HNz2D6T0=
github.com/gethinode/hinode v0.17.2/go.mod h1:Cw3SNh5VWkMw2A2HglB4PvEeae7zzgLbVeVEuX9zNNo=
github.com/gethinode/hinode v0.17.3 h1:wFvsKsuHD/P7zPU0Fn1sywVyQPy+7YMJ60KgIKjt8i0=
github.com/gethinode/hinode v0.17.3/go.mod h1:HEDsZUpHWCCBcnlDGQWT9ETYlp8QoapcCCp8Hsczucw=
github.com/gethinode/hinode v0.17.4 h1:95V5yCVPuIYWtEpmgtwPaJdWboyOPYWVmLoU9JN59YI=
github.com/gethinode/hinode v0.17.4/go.mod h1:f0z7aKz8YoFYOuv7C3DKEhC67B3lb2jvYRV2noiEaYk=
github.com/gethinode/hinode v0.18.0-alpha h1:lD/vK2ls0C3Ab/uad9OuZgRmumTDIDOlL6KBGTRaGME=
github.com/gethinode/hinode v0.18.0-alpha/go.mod h1:f0z7aKz8YoFYOuv7C3DKEhC67B3lb2jvYRV2noiEaYk=
github.com/gethinode/hinode v0.18.0-alpha2 h1:1RhfQLUfwe0fJEsthjZ/JhG1tT8atpLDSITXrPBqr9w=
github.com/gethinode/hinode v0.18.0-alpha2/go.mod h1:f0z7aKz8YoFYOuv7C3DKEhC67B3lb2jvYRV2noiEaYk=
github.com/gethinode/hinode v0.18.0-beta h1:Ed035VLku64JTCWANdiaKoNzPs+qas5EHE+t1Ka2mks=
github.com/gethinode/hinode v0.18.0-beta/go.mod h1:kA0ovH+4NTzgSGl608qXvDwnmuAl0dTHl8IlwR2n7lE=
github.com/gethinode/hinode v0.18.0-beta2 h1:4BEPh+X/DgaksoKdhvJ2YMVS/wWW4/QSFlX0XyB4qp8=
github.com/gethinode/hinode v0.18.0-beta2/go.mod h1:FsCmaHM1Ism4F6bHQvI8HAcAdQIQXFMKNlSrbtHqezU=
github.com/gethinode/hinode v0.18.0-beta3 h1:xrVa1pJJmOBdz+MgAnwztR28T6jctVrUS1+7DYqcqSE=
github.com/gethinode/hinode v0.18.0-beta3/go.mod h1:TcI/H42BxRS4UNqz9/bC246sYC6z3Ssfv0ZuOF5wEpM=
github.com/gethinode/hinode v0.18.1 h1:KSqEYkpC3fP8gOT1ZFSE6HbTNvb+AVW4xUxu2u2V5hI=
github.com/gethinode/hinode v0.18.1/go.mod h1:TcI/H42BxRS4UNqz9/bC246sYC6z3Ssfv0ZuOF5wEpM=
github.com/gethinode/hinode v0.18.2 h1:6h0I8msw7+4q8d8sn23rMU2PUnbJFZnuQWRX3ihMA8A=
github.com/gethinode/hinode v0.18.2/go.mod h1:TcI/H42BxRS4UNqz9/bC246sYC6z3Ssfv0ZuOF5wEpM=
github.com/gethinode/hinode v0.18.3 h1:uYZ3I52GynklBM1Dr/tA8DKrjAp454DiRU2t7TGXNiw=
github.com/gethinode/hinode v0.18.3/go.mod h1:TcI/H42BxRS4UNqz9/bC246sYC6z3Ssfv0ZuOF5wEpM=
github.com/gethinode/hinode v0.18.4 h1:lTWfVXAhOA1JU5i/Giw0zPIJ7gJDuG/9XD1tOnunUZY=
github.com/gethinode/hinode v0.18.4/go.mod h1:TcI/H42BxRS4UNqz9/bC246sYC6z3Ssfv0ZuOF5wEpM=
github.com/gethinode/mod-bootstrap v1.1.0 h1:BbalsW8kmFhv+J+dcc41TGcjIlM/p69AB0h0oGhAXIU=
github.com/gethinode/mod-bootstrap v1.1.0/go.mod h1:DcpPc2cNaXUPGEvhD7npuEEPA7573NvakTlrwFbyjr8=
github.com/gethinode/mod-bootstrap v1.1.1 h1:Tx4M5hGVOFrEaxnUONDAm6N9xuRi5UphKlT7F26HujU=
github.com/gethinode/mod-bootstrap v1.1.1/go.mod h1:DcpPc2cNaXUPGEvhD7npuEEPA7573NvakTlrwFbyjr8=
github.com/gethinode/mod-flexsearch v1.1.0 h1:7BCMyQDlYlskNXuazt8Jg/jg9WREexu2xVkYqThkAX4=
github.com/gethinode/mod-flexsearch v1.1.0/go.mod h1:TXbGbWsvmhBdsTzRt887mcpFfr4ORpzG3+h/l4W3YM4=
github.com/gethinode/mod-flexsearch v1.1.1 h1:zHypfKR/rWPAwqNXvo09Pp3vGqU4w3r7d2VtMudIzkI=
github.com/gethinode/mod-flexsearch v1.1.1/go.mod h1:TXbGbWsvmhBdsTzRt887mcpFfr4ORpzG3+h/l4W3YM4=
github.com/gethinode/mod-flexsearch v1.1.2 h1:vA/jHxLq9xxkYGS9cmAoLNIkEBW+iLVCcQ8qKyEa+R4=
github.com/gethinode/mod-flexsearch v1.1.2/go.mod h1:TXbGbWsvmhBdsTzRt887mcpFfr4ORpzG3+h/l4W3YM4=
github.com/gethinode/mod-flexsearch v1.1.4 h1:dJvwBxYlLe/VGlctLn8k89STJ5toATIjNnXIlNeanOY=
github.com/gethinode/mod-flexsearch v1.1.4/go.mod h1:TXbGbWsvmhBdsTzRt887mcpFfr4ORpzG3+h/l4W3YM4=
github.com/gethinode/mod-flexsearch v1.2.0 h1:SSMpWzK9SMbi9QRYfil9PJZLLWWLHWzlTc69UxtSWAA=
github.com/gethinode/mod-flexsearch v1.2.0/go.mod h1:TXbGbWsvmhBdsTzRt887mcpFfr4ORpzG3+h/l4W3YM4=
github.com/gethinode/mod-flexsearch v1.3.0 h1:RbfEDw219Y1rOVp9lHmy5ePdF9lyPalDu2J5oVeejrU=
github.com/gethinode/mod-flexsearch v1.3.0/go.mod h1:TXbGbWsvmhBdsTzRt887mcpFfr4ORpzG3+h/l4W3YM4=
github.com/gethinode/mod-flexsearch v1.4.0 h1:5e/NVRLyWzUZ9fO/fNsM5o+O7nw+xyln2rfEOtbgfWc=
github.com/gethinode/mod-flexsearch v1.4.0/go.mod h1:TXbGbWsvmhBdsTzRt887mcpFfr4ORpzG3+h/l4W3YM4=
github.com/gethinode/mod-fontawesome v1.2.0 h1:2nWYEjpUKu6IJ6kOh2WDlDUqRQ/dUGw6mJWIdMTA3O0=
github.com/gethinode/mod-fontawesome v1.2.0/go.mod h1:Ki1qkWEOiF0hQpCgWeZRw+HkpL6nd1DxKFptU0O2feI=
github.com/gethinode/mod-fontawesome v1.2.1 h1:k7z5ZRsNxCohZjlZm8jVAzmTPk17c6xMYBAjAXHs13I=
github.com/gethinode/mod-fontawesome v1.2.1/go.mod h1:Ki1qkWEOiF0hQpCgWeZRw+HkpL6nd1DxKFptU0O2feI=
github.com/gethinode/mod-fontawesome v1.2.2 h1:rA9EtuE/LeFQmKSA7ampfUknxsR1mu7hpi4wpA89gX8=
github.com/gethinode/mod-fontawesome v1.2.2/go.mod h1:Ki1qkWEOiF0hQpCgWeZRw+HkpL6nd1DxKFptU0O2feI=
github.com/gethinode/mod-fontawesome v1.2.3 h1:RHWd+E72+m29xaC45m/3CF35C201jehw0dcozVBdPrI=
github.com/gethinode/mod-fontawesome v1.2.3/go.mod h1:Ki1qkWEOiF0hQpCgWeZRw+HkpL6nd1DxKFptU0O2feI=
github.com/gethinode/mod-fontawesome v1.2.4 h1:SqE3CQ+boaBIhrVh3MPu4nz0uoHPfEH5t60nNY1CfsI=
github.com/gethinode/mod-fontawesome v1.2.4/go.mod h1:Ki1qkWEOiF0hQpCgWeZRw+HkpL6nd1DxKFptU0O2feI=
github.com/gethinode/mod-fontawesome v1.2.5 h1:RqkLRj6+s+gM4nKd0IwNMMDA8cRmxfp0fxkVH4FdAGU=
github.com/gethinode/mod-fontawesome v1.2.5/go.mod h1:Ki1qkWEOiF0hQpCgWeZRw+HkpL6nd1DxKFptU0O2feI=
github.com/gethinode/mod-katex v1.0.2 h1:pIG4n3qLl/IVe7BEiwn+GL8r5lOCtF6FDxlcrPKdAXk=
github.com/gethinode/mod-katex v1.0.2/go.mod h1:byAfpI3wuqNJIooTGVEGc1cjBhhCy4+CcK1H6495MYg=
github.com/gethinode/mod-leaflet v0.3.1 h1:H5MaOa+BB1KuVw7abTqfIn/SNzzRsAyx/WQoSe+2Ykc=
github.com/gethinode/mod-leaflet v0.3.1/go.mod h1:uGggt87x4Fw7wBoJpSiUvNkYg+s/Ujne7klAX2rxMRk=
github.com/gethinode/mod-leaflet v0.3.3 h1:isnjja6VRFvVWBatYSouh46TXSJg2C4/E2BQTrQw+yI=
github.com/gethinode/mod-leaflet v0.3.3/go.mod h1:uGggt87x4Fw7wBoJpSiUvNkYg+s/Ujne7klAX2rxMRk=
github.com/gethinode/mod-leaflet v0.3.4 h1:oY+YQ0JiJuhFQNrk9XgFdg0NMsTUQPXNfnILp4ia4r4=
github.com/gethinode/mod-leaflet v0.3.4/go.mod h1:uGggt87x4Fw7wBoJpSiUvNkYg+s/Ujne7klAX2rxMRk=
