github.com/gethinode/hinode v0.15.5 h1:eJNvuBpGMDAZ5Lq9B9ZjnC29iaR40A6zcvVOjEFVpac=
github.com/gethinode/hinode v0.15.5/go.mod h1:1piFf+1Kwf5k6/bcNCtIxiAyqvZYvDqQfaGld7/XcF8=
github.com/gethinode/hinode v0.16.0-beta h1:eXgYA5SOw6+NxHgScBy/VfprGjwL7WUa/56CCqtoRdo=
github.com/gethinode/hinode v0.16.0-beta/go.mod h1:0ugkv0/+7olS9uLT3NR+7uEErUwuGBU+IYuSvRvyoJk=
github.com/gethinode/hinode v0.16.0-beta2 h1:j1QrVtUK6aMThMab4YVz0eCWmuCpyk4BI2Tw3fJu8KY=
github.com/gethinode/hinode v0.16.0-beta2/go.mod h1:FQlLYY9gEHMiCxtXBQ6QRpqIV1FKYoZNIhHa2RDLQn4=
github.com/gethinode/hinode v0.16.0 h1:YDVtfrnuiLUpjBPFFZcEHKcF+LanlCkbVog8gmRWCZs=
github.com/gethinode/hinode v0.16.0/go.mod h1:xqMr5rSBg/DFNyh67VdUNT1oHdqSMvUa+uewH2KA5Zo=
github.com/gethinode/hinode v0.16.1 h1:UJ4tn1FyaFvHRwUFhi1SMKmNIvI2DAdgdHdej2iDhSs=
github.com/gethinode/hinode v0.16.1/go.mod h1:xqMr5rSBg/DFNyh67VdUNT1oHdqSMvUa+uewH2KA5Zo=
github.com/gethinode/hinode v0.16.2 h1:OMiK3ww0IzCv66Of0ROr/0oyUFWm1Efg/zY8UdpGNOw=
github.com/gethinode/hinode v0.16.2/go.mod h1:xqMr5rSBg/DFNyh67VdUNT1oHdqSMvUa+uewH2KA5Zo=
github.com/gethinode/hinode v0.16.3 h1:icMqtPS/m3FD3/HIJefzr1uGP0tGUMuMu3pAJt99yHI=
github.com/gethinode/hinode v0.16.3/go.mod h1:xqMr5rSBg/DFNyh67VdUNT1oHdqSMvUa+uewH2KA5Zo=
github.com/gethinode/mod-bootstrap v1.1.0 h1:BbalsW8kmFhv+J+dcc41TGcjIlM/p69AB0h0oGhAXIU=
github.com/gethinode/mod-bootstrap v1.1.0/go.mod h1:DcpPc2cNaXUPGEvhD7npuEEPA7573NvakTlrwFbyjr8=
github.com/gethinode/mod-flexsearch v1.1.0 h1:7BCMyQDlYlskNXuazt8Jg/jg9WREexu2xVkYqThkAX4=
github.com/gethinode/mod-flexsearch v1.1.0/go.mod h1:TXbGbWsvmhBdsTzRt887mcpFfr4ORpzG3+h/l4W3YM4=
github.com/gethinode/mod-flexsearch v1.1.1 h1:zHypfKR/rWPAwqNXvo09Pp3vGqU4w3r7d2VtMudIzkI=
github.com/gethinode/mod-flexsearch v1.1.1/go.mod h1:TXbGbWsvmhBdsTzRt887mcpFfr4ORpzG3+h/l4W3YM4=
github.com/gethinode/mod-flexsearch v1.1.2 h1:vA/jHxLq9xxkYGS9cmAoLNIkEBW+iLVCcQ8qKyEa+R4=
github.com/gethinode/mod-flexsearch v1.1.2/go.mod h1:TXbGbWsvmhBdsTzRt887mcpFfr4ORpzG3+h/l4W3YM4=
github.com/gethinode/mod-fontawesome v1.2.0 h1:2nWYEjpUKu6IJ6kOh2WDlDUqRQ/dUGw6mJWIdMTA3O0=
github.com/gethinode/mod-fontawesome v1.2.0/go.mod h1:Ki1qkWEOiF0hQpCgWeZRw+HkpL6nd1DxKFptU0O2feI=
github.com/gethinode/mod-fontawesome v1.2.1 h1:k7z5ZRsNxCohZjlZm8jVAzmTPk17c6xMYBAjAXHs13I=
github.com/gethinode/mod-fontawesome v1.2.1/go.mod h1:Ki1qkWEOiF0hQpCgWeZRw+HkpL6nd1DxKFptU0O2feI=
github.com/gethinode/mod-katex v1.0.2 h1:pIG4n3qLl/IVe7BEiwn+GL8r5lOCtF6FDxlcrPKdAXk=
github.com/gethinode/mod-katex v1.0.2/go.mod h1:byAfpI3wuqNJIooTGVEGc1cjBhhCy4+CcK1H6495MYg=
github.com/gethinode/mod-leaflet v0.3.1 h1:H5MaOa+BB1KuVw7abTqfIn/SNzzRsAyx/WQoSe+2Ykc=
github.com/gethinode/mod-leaflet v0.3.1/go.mod h1:uGggt87x4Fw7wBoJpSiUvNkYg+s/Ujne7klAX2rxMRk=
github.com/gethinode/mod-leaflet v0.3.3 h1:isnjja6VRFvVWBatYSouh46TXSJg2C4/E2BQTrQw+yI=
github.com/gethinode/mod-leaflet v0.3.3/go.mod h1:uGggt87x4Fw7wBoJpSiUvNkYg+s/Ujne7klAX2rxMRk=
